
Microsoft Visual Studio Solution File, Format Version 12.00
# Visual Studio Version 17
VisualStudioVersion = 17.4.33110.190
MinimumVisualStudioVersion = 10.0.40219.1
Project("{FAE04EC0-301F-11D3-BF4B-00C04F79EFBC}") = "Estudiantes", "Estudiantes\Estudiantes.csproj", "{34259D7A-AC03-4DBD-B89C-4699BA44B6A1}"
EndProject
Project("{FAE04EC0-301F-11D3-BF4B-00C04F79EFBC}") = "Data", "Data\Data.csproj", "{7F9B4FDD-DB0E-467F-AA7C-C99614074040}"
EndProject
Project("{FAE04EC0-301F-11D3-BF4B-00C04F79EFBC}") = "Logica", "Logica\Logica.csproj", "{4BB02D1A-AE08-4810-BF29-E21EFA590A90}"
EndProject
Global
	GlobalSection(SolutionConfigurationPlatforms) = preSolution
		Debug|Any CPU = Debug|Any CPU
		Release|Any CPU = Release|Any CPU
	EndGlobalSection
	GlobalSection(ProjectConfigurationPlatforms) = postSolution
		{34259D7A-AC03-4DBD-B89C-4699BA44B6A1}.Debug|Any CPU.ActiveCfg = Debug|Any CPU
		{34259D7A-AC03-4DBD-B89C-4699BA44B6A1}.Debug|Any CPU.Build.0 = Debug|Any CPU
		{34259D7A-AC03-4DBD-B89C-4699BA44B6A1}.Release|Any CPU.ActiveCfg = Release|Any CPU
		{34259D7A-AC03-4DBD-B89C-4699BA44B6A1}.Release|Any CPU.Build.0 = Release|Any CPU
		{7F9B4FDD-DB0E-467F-AA7C-C99614074040}.Debug|Any CPU.ActiveCfg = Debug|Any CPU
		{7F9B4FDD-DB0E-467F-AA7C-C99614074040}.Debug|Any CPU.Build.0 = Debug|Any CPU
		{7F9B4FDD-DB0E-467F-AA7C-C99614074040}.Release|Any CPU.ActiveCfg = Release|Any CPU
		{7F9B4FDD-DB0E-467F-AA7C-C99614074040}.Release|Any CPU.Build.0 = Release|Any CPU
		{4BB02D1A-AE08-4810-BF29-E21EFA590A90}.Debug|Any CPU.ActiveCfg = Debug|Any CPU
		{4BB02D1A-AE08-4810-BF29-E21EFA590A90}.Debug|Any CPU.Build.0 = Debug|Any CPU
		{4BB02D1A-AE08-4810-BF29-E21EFA590A90}.Release|Any CPU.ActiveCfg = Release|Any CPU
		{4BB02D1A-AE08-4810-BF29-E21EFA590A90}.Release|Any CPU.Build.0 = Release|Any CPU
	EndGlobalSection
	GlobalSection(SolutionProperties) = preSolution
		HideSolutionNode = FALSE
	EndGlobalSection
	GlobalSection(ExtensibilityGlobals) = postSolution
		SolutionGuid = {C6BD54A5-9A62-4556-AE0E-F7BDD9D0A199}
	EndGlobalSection
EndGlobal
